<?xml version="1.0" encoding="utf-8"?>
<Project ToolsVersion="4.0" xmlns="http://schemas.microsoft.com/developer/msbuild/2003">
  <ItemGroup>
    <Filter Include="common">
      <UniqueIdentifier>{5dd9c787-5399-4ee9-ac0b-a3a388344e6c}</UniqueIdentifier>
    </Filter>
    <Filter Include="devices">
      <UniqueIdentifier>{d9146124-9add-4c5d-b355-4c11ea737b5c}</UniqueIdentifier>
    </Filter>
    <Filter Include="pc88">
      <UniqueIdentifier>{b1f82735-f6e4-465c-8436-19e5529f6f4a}</UniqueIdentifier>
    </Filter>
    <Filter Include="win32">
      <UniqueIdentifier>{8186eae2-969a-4765-b60d-cccffd3061e4}</UniqueIdentifier>
    </Filter>
    <Filter Include="win32\romeo">
      <UniqueIdentifier>{8c3f1d24-0961-442b-a90c-4ed91f9decf4}</UniqueIdentifier>
    </Filter>
    <Filter Include="interface">
      <UniqueIdentifier>{57b15d4f-2129-47ba-88af-98ca6b0b5c1c}</UniqueIdentifier>
    </Filter>
    <Filter Include="zlib">
      <UniqueIdentifier>{27c2946e-319c-49f6-94cf-6373f14dd6d7}</UniqueIdentifier>
    </Filter>
    <Filter Include="win32\monitor">
      <UniqueIdentifier>{20aa401b-de2a-4cd5-b947-4c1b333fbd72}</UniqueIdentifier>
    </Filter>
    <Filter Include="win32\screen">
      <UniqueIdentifier>{3bce4125-a767-4389-b7ab-703f7f1e50cd}</UniqueIdentifier>
    </Filter>
    <Filter Include="win32\sound">
      <UniqueIdentifier>{bacd1267-b405-4c77-901a-30499cba86e0}</UniqueIdentifier>
    </Filter>
    <Filter Include="libpng">
      <UniqueIdentifier>{16c485b2-1a91-4b37-bb46-84b1bb39c5bf}</UniqueIdentifier>
    </Filter>
    <Filter Include="services">
      <UniqueIdentifier>{2800f041-702a-46d3-9fb2-77f9ec40ca31}</UniqueIdentifier>
    </Filter>
    <Filter Include="Z80">
      <UniqueIdentifier>{a52fd16b-9396-4c63-958e-b1d213839132}</UniqueIdentifier>
    </Filter>
  </ItemGroup>
  <ItemGroup>
    <ClCompile Include="src\common\device.cpp">
      <Filter>common</Filter>
    </ClCompile>
    <ClCompile Include="src\common\error.cpp">
      <Filter>common</Filter>
    </ClCompile>
    <ClCompile Include="src\common\memory_manager.cpp">
      <Filter>common</Filter>
    </ClCompile>
    <ClCompile Include="src\common\srcbuf.cpp">
      <Filter>common</Filter>
    </ClCompile>
    <ClCompile Include="src\devices\fmgen.cpp">
      <Filter>devices</Filter>
    </ClCompile>
    <ClCompile Include="src\devices\fmtimer.cpp">
      <Filter>devices</Filter>
    </ClCompile>
    <ClCompile Include="src\devices\opm.cpp">
      <Filter>devices</Filter>
    </ClCompile>
    <ClCompile Include="src\devices\opna.cpp">
      <Filter>devices</Filter>
    </ClCompile>
    <ClCompile Include="src\devices\psg.cpp">
      <Filter>devices</Filter>
    </ClCompile>
    <ClCompile Include="src\devices\z80c.cpp">
      <Filter>devices</Filter>
    </ClCompile>
    <ClCompile Include="src\devices\z80diag.cpp">
      <Filter>devices</Filter>
    </ClCompile>
    <ClCompile Include="src\pc88\base.cpp">
      <Filter>PC88</Filter>
    </ClCompile>
    <ClCompile Include="src\pc88\beep.cpp">
      <Filter>PC88</Filter>
    </ClCompile>
    <ClCompile Include="src\pc88\crtc.cpp">
      <Filter>PC88</Filter>
    </ClCompile>
    <ClCompile Include="src\pc88\fdc.cpp">
      <Filter>PC88</Filter>
    </ClCompile>
    <ClCompile Include="src\pc88\fdu.cpp">
      <Filter>PC88</Filter>
    </ClCompile>
    <ClCompile Include="src\pc88\intc.cpp">
      <Filter>PC88</Filter>
    </ClCompile>
    <ClCompile Include="src\pc88\joypad.cpp">
      <Filter>PC88</Filter>
    </ClCompile>
    <ClCompile Include="src\pc88\kanjirom.cpp">
      <Filter>PC88</Filter>
    </ClCompile>
    <ClCompile Include="src\pc88\memory.cpp">
      <Filter>PC88</Filter>
    </ClCompile>
    <ClCompile Include="src\pc88\mouse.cpp">
      <Filter>PC88</Filter>
    </ClCompile>
    <ClCompile Include="src\pc88\opnif.cpp">
      <Filter>PC88</Filter>
    </ClCompile>
    <ClCompile Include="src\pc88\pc88.cpp">
      <Filter>PC88</Filter>
    </ClCompile>
    <ClCompile Include="src\pc88\pd8257.cpp">
      <Filter>PC88</Filter>
    </ClCompile>
    <ClCompile Include="src\pc88\pio.cpp">
      <Filter>PC88</Filter>
    </ClCompile>
    <ClCompile Include="src\pc88\screen.cpp">
      <Filter>PC88</Filter>
    </ClCompile>
    <ClCompile Include="src\pc88\sio.cpp">
      <Filter>PC88</Filter>
    </ClCompile>
    <ClCompile Include="src\pc88\subsys.cpp">
      <Filter>PC88</Filter>
    </ClCompile>
    <ClCompile Include="src\win32\88config.cpp">
      <Filter>Win32</Filter>
    </ClCompile>
    <ClCompile Include="src\win32\about.cpp">
      <Filter>Win32</Filter>
    </ClCompile>
    <ClCompile Include="src\win32\cfgpage.cpp">
      <Filter>Win32</Filter>
    </ClCompile>
    <ClCompile Include="src\win32\extdev.cpp">
      <Filter>Win32</Filter>
    </ClCompile>
    <ClCompile Include="src\win32\File.cpp">
      <Filter>Win32</Filter>
    </ClCompile>
    <ClCompile Include="src\win32\filetest.cpp">
      <Filter>Win32</Filter>
    </ClCompile>
    <ClCompile Include="src\win32\guid.cpp">
      <Filter>Win32</Filter>
    </ClCompile>
    <ClCompile Include="src\win32\main.cpp">
      <Filter>Win32</Filter>
    </ClCompile>
    <ClCompile Include="src\win32\module.cpp">
      <Filter>Win32</Filter>
    </ClCompile>
    <ClCompile Include="src\win32\newdisk.cpp">
      <Filter>Win32</Filter>
    </ClCompile>
    <ClCompile Include="src\win32\Ui.cpp">
      <Filter>Win32</Filter>
    </ClCompile>
    <ClCompile Include="src\win32\wincfg.cpp">
      <Filter>Win32</Filter>
    </ClCompile>
    <ClCompile Include="src\win32\wincore.cpp">
      <Filter>Win32</Filter>
    </ClCompile>
    <ClCompile Include="src\win32\winexapi.cpp">
      <Filter>Win32</Filter>
    </ClCompile>
    <ClCompile Include="src\win32\winjoy.cpp">
      <Filter>Win32</Filter>
    </ClCompile>
    <ClCompile Include="src\win32\winkeyif.cpp">
      <Filter>Win32</Filter>
    </ClCompile>
    <ClCompile Include="src\win32\winmouse.cpp">
      <Filter>Win32</Filter>
    </ClCompile>
    <ClCompile Include="src\win32\romeo\piccolo.cpp">
      <Filter>win32\romeo</Filter>
    </ClCompile>
    <ClCompile Include="src\win32\romeo\piccolo_gimic.cpp">
      <Filter>win32\romeo</Filter>
    </ClCompile>
    <ClCompile Include="src\win32\romeo\piccolo_romeo.cpp">
      <Filter>win32\romeo</Filter>
    </ClCompile>
    <ClCompile Include="src\win32\romeo\piccolo_scci.cpp">
      <Filter>win32\romeo</Filter>
    </ClCompile>
    <ClCompile Include="src\zlib\adler32.c">
      <Filter>zlib</Filter>
    </ClCompile>
    <ClCompile Include="src\zlib\compress.c">
      <Filter>zlib</Filter>
    </ClCompile>
    <ClCompile Include="src\zlib\crc32.c">
      <Filter>zlib</Filter>
    </ClCompile>
    <ClCompile Include="src\zlib\deflate.c">
      <Filter>zlib</Filter>
    </ClCompile>
    <ClCompile Include="src\zlib\inffast.c">
      <Filter>zlib</Filter>
    </ClCompile>
    <ClCompile Include="src\zlib\inflate.c">
      <Filter>zlib</Filter>
    </ClCompile>
    <ClCompile Include="src\zlib\inftrees.c">
      <Filter>zlib</Filter>
    </ClCompile>
    <ClCompile Include="src\zlib\trees.c">
      <Filter>zlib</Filter>
    </ClCompile>
    <ClCompile Include="src\zlib\uncompr.c">
      <Filter>zlib</Filter>
    </ClCompile>
    <ClCompile Include="src\zlib\zutil.c">
      <Filter>zlib</Filter>
    </ClCompile>
    <ClCompile Include="src\common\diag.cpp">
      <Filter>common</Filter>
    </ClCompile>
    <ClCompile Include="src\common\memory_bus.cpp">
      <Filter>common</Filter>
    </ClCompile>
    <ClCompile Include="src\common\io_bus.cpp">
      <Filter>common</Filter>
    </ClCompile>
    <ClCompile Include="src\common\scheduler.cpp">
      <Filter>common</Filter>
    </ClCompile>
    <ClCompile Include="src\pc88\calendar.cpp">
      <Filter>pc88</Filter>
    </ClCompile>
    <ClCompile Include="src\common\file_.cpp">
      <Filter>common</Filter>
    </ClCompile>
    <ClCompile Include="src\win32\monitor\basmon.cpp">
      <Filter>win32\monitor</Filter>
    </ClCompile>
    <ClCompile Include="src\win32\monitor\codemon.cpp">
      <Filter>win32\monitor</Filter>
    </ClCompile>
    <ClCompile Include="src\win32\monitor\iomon.cpp">
      <Filter>win32\monitor</Filter>
    </ClCompile>
    <ClCompile Include="src\win32\monitor\loadmon.cpp">
      <Filter>win32\monitor</Filter>
    </ClCompile>
    <ClCompile Include="src\win32\monitor\memmon.cpp">
      <Filter>win32\monitor</Filter>
    </ClCompile>
    <ClCompile Include="src\win32\monitor\mvmon.cpp">
      <Filter>win32\monitor</Filter>
    </ClCompile>
    <ClCompile Include="src\win32\monitor\regmon.cpp">
      <Filter>win32\monitor</Filter>
    </ClCompile>
    <ClCompile Include="src\win32\monitor\soundmon.cpp">
      <Filter>win32\monitor</Filter>
    </ClCompile>
    <ClCompile Include="src\win32\monitor\winmon.cpp">
      <Filter>win32\monitor</Filter>
    </ClCompile>
    <ClCompile Include="src\win32\screen\windraw.cpp">
      <Filter>win32\screen</Filter>
    </ClCompile>
    <ClCompile Include="src\win32\sound\soundds.cpp">
      <Filter>win32\sound</Filter>
    </ClCompile>
    <ClCompile Include="src\win32\sound\soundds2.cpp">
      <Filter>win32\sound</Filter>
    </ClCompile>
    <ClCompile Include="src\win32\sound\soundwo.cpp">
      <Filter>win32\sound</Filter>
    </ClCompile>
    <ClCompile Include="src\win32\sound\winsound.cpp">
      <Filter>win32\sound</Filter>
    </ClCompile>
    <ClCompile Include="src\win32\screen\drawd3d12.cpp">
      <Filter>win32\screen</Filter>
    </ClCompile>
    <ClCompile Include="third_party\libpng\png.c">
      <Filter>libpng</Filter>
    </ClCompile>
    <ClCompile Include="third_party\libpng\pngerror.c">
      <Filter>libpng</Filter>
    </ClCompile>
    <ClCompile Include="third_party\libpng\pngget.c">
      <Filter>libpng</Filter>
    </ClCompile>
    <ClCompile Include="third_party\libpng\pngmem.c">
      <Filter>libpng</Filter>
    </ClCompile>
    <ClCompile Include="third_party\libpng\pngpread.c">
      <Filter>libpng</Filter>
    </ClCompile>
    <ClCompile Include="third_party\libpng\pngread.c">
      <Filter>libpng</Filter>
    </ClCompile>
    <ClCompile Include="third_party\libpng\pngrio.c">
      <Filter>libpng</Filter>
    </ClCompile>
    <ClCompile Include="third_party\libpng\pngrtran.c">
      <Filter>libpng</Filter>
    </ClCompile>
    <ClCompile Include="third_party\libpng\pngrutil.c">
      <Filter>libpng</Filter>
    </ClCompile>
    <ClCompile Include="third_party\libpng\pngset.c">
      <Filter>libpng</Filter>
    </ClCompile>
    <ClCompile Include="third_party\libpng\pngtrans.c">
      <Filter>libpng</Filter>
    </ClCompile>
    <ClCompile Include="third_party\libpng\pngwio.c">
      <Filter>libpng</Filter>
    </ClCompile>
    <ClCompile Include="third_party\libpng\pngwrite.c">
      <Filter>libpng</Filter>
    </ClCompile>
    <ClCompile Include="third_party\libpng\pngwtran.c">
      <Filter>libpng</Filter>
    </ClCompile>
    <ClCompile Include="third_party\libpng\pngwutil.c">
      <Filter>libpng</Filter>
    </ClCompile>
    <ClCompile Include="src\common\bmp_codec.cpp">
      <Filter>common</Filter>
    </ClCompile>
    <ClCompile Include="src\common\image_codec.cpp">
      <Filter>common</Filter>
    </ClCompile>
    <ClCompile Include="src\common\png_codec.cpp">
      <Filter>common</Filter>
    </ClCompile>
    <ClCompile Include="src\services\diskmgr.cpp">
      <Filter>services</Filter>
    </ClCompile>
    <ClCompile Include="src\services\ioview.cpp">
      <Filter>services</Filter>
    </ClCompile>
    <ClCompile Include="src\services\memview.cpp">
      <Filter>services</Filter>
    </ClCompile>
    <ClCompile Include="src\services\sound.cpp">
      <Filter>services</Filter>
    </ClCompile>
    <ClCompile Include="src\services\tapemgr.cpp">
      <Filter>services</Filter>
    </ClCompile>
    <ClCompile Include="src\common\floppy.cpp">
      <Filter>common</Filter>
    </ClCompile>
    <ClCompile Include="src\services\disk_image_holder.cpp">
      <Filter>services</Filter>
    </ClCompile>
    <ClCompile Include="src\win32\status_win.cpp">
      <Filter>win32</Filter>
    </ClCompile>
    <ClCompile Include="src\common\status.cpp">
      <Filter>common</Filter>
    </ClCompile>
    <ClCompile Include="src\devices\z80.cpp">
      <Filter>devices</Filter>
    </ClCompile>
    <ClCompile Include="src\devices\z80x.cpp">
      <Filter>devices</Filter>
    </ClCompile>
    <ClCompile Include="third_party\Z80\sources\Z80.c">
      <Filter>Z80</Filter>
    </ClCompile>
    <ClCompile Include="src\common\real_time_keeper.cpp">
      <Filter>common</Filter>
    </ClCompile>
    <ClCompile Include="src\common\emulation_loop.cpp">
      <Filter>common</Filter>
    </ClCompile>
  </ItemGroup>
  <ItemGroup>
    <ClInclude Include="src\common\device.h">
      <Filter>common</Filter>
    </ClInclude>
    <ClInclude Include="src\common\draw.h">
      <Filter>common</Filter>
    </ClInclude>
    <ClInclude Include="src\common\error.h">
      <Filter>common</Filter>
    </ClInclude>
    <ClInclude Include="src\common\memory_manager.h">
      <Filter>common</Filter>
    </ClInclude>
    <ClInclude Include="src\common\misc.h">
      <Filter>common</Filter>
    </ClInclude>
    <ClInclude Include="src\common\soundsrc.h">
      <Filter>common</Filter>
    </ClInclude>
    <ClInclude Include="src\common\srcbuf.h">
      <Filter>common</Filter>
    </ClInclude>
    <ClInclude Include="src\devices\fmgen.h">
      <Filter>devices</Filter>
    </ClInclude>
    <ClInclude Include="src\devices\fmtimer.h">
      <Filter>devices</Filter>
    </ClInclude>
    <ClInclude Include="src\devices\opm.h">
      <Filter>devices</Filter>
    </ClInclude>
    <ClInclude Include="src\devices\opna.h">
      <Filter>devices</Filter>
    </ClInclude>
    <ClInclude Include="src\devices\psg.h">
      <Filter>devices</Filter>
    </ClInclude>
    <ClInclude Include="src\devices\z80.h">
      <Filter>devices</Filter>
    </ClInclude>
    <ClInclude Include="src\devices\z80c.h">
      <Filter>devices</Filter>
    </ClInclude>
    <ClInclude Include="src\devices\z80diag.h">
      <Filter>devices</Filter>
    </ClInclude>
    <ClInclude Include="src\pc88\base.h">
      <Filter>PC88</Filter>
    </ClInclude>
    <ClInclude Include="src\pc88\beep.h">
      <Filter>PC88</Filter>
    </ClInclude>
    <ClInclude Include="src\pc88\config.h">
      <Filter>PC88</Filter>
    </ClInclude>
    <ClInclude Include="src\pc88\crtc.h">
      <Filter>PC88</Filter>
    </ClInclude>
    <ClInclude Include="src\pc88\fdc.h">
      <Filter>PC88</Filter>
    </ClInclude>
    <ClInclude Include="src\pc88\fdu.h">
      <Filter>PC88</Filter>
    </ClInclude>
    <ClInclude Include="src\pc88\intc.h">
      <Filter>PC88</Filter>
    </ClInclude>
    <ClInclude Include="src\pc88\joypad.h">
      <Filter>PC88</Filter>
    </ClInclude>
    <ClInclude Include="src\pc88\kanjirom.h">
      <Filter>PC88</Filter>
    </ClInclude>
    <ClInclude Include="src\pc88\memory.h">
      <Filter>PC88</Filter>
    </ClInclude>
    <ClInclude Include="src\pc88\mouse.h">
      <Filter>PC88</Filter>
    </ClInclude>
    <ClInclude Include="src\pc88\opnif.h">
      <Filter>PC88</Filter>
    </ClInclude>
    <ClInclude Include="src\pC88\pc88.h">
      <Filter>PC88</Filter>
    </ClInclude>
    <ClInclude Include="src\pc88\pcinfo.h">
      <Filter>PC88</Filter>
    </ClInclude>
    <ClInclude Include="src\pc88\pd8257.h">
      <Filter>PC88</Filter>
    </ClInclude>
    <ClInclude Include="src\pc88\pio.h">
      <Filter>PC88</Filter>
    </ClInclude>
    <ClInclude Include="src\pc88\screen.h">
      <Filter>PC88</Filter>
    </ClInclude>
    <ClInclude Include="src\pc88\sio.h">
      <Filter>PC88</Filter>
    </ClInclude>
    <ClInclude Include="src\pc88\subsys.h">
      <Filter>PC88</Filter>
    </ClInclude>
    <ClInclude Include="src\win32\88config.h">
      <Filter>Win32</Filter>
    </ClInclude>
    <ClInclude Include="src\win32\about.h">
      <Filter>Win32</Filter>
    </ClInclude>
    <ClInclude Include="src\win32\cfgpage.h">
      <Filter>Win32</Filter>
    </ClInclude>
    <ClInclude Include="src\win32\extdev.h">
      <Filter>Win32</Filter>
    </ClInclude>
    <ClInclude Include="src\win32\file.h">
      <Filter>Win32</Filter>
    </ClInclude>
    <ClInclude Include="src\win32\filetest.h">
      <Filter>Win32</Filter>
    </ClInclude>
    <ClInclude Include="src\win32\messages.h">
      <Filter>Win32</Filter>
    </ClInclude>
    <ClInclude Include="src\win32\module.h">
      <Filter>Win32</Filter>
    </ClInclude>
    <ClInclude Include="src\win32\newdisk.h">
      <Filter>Win32</Filter>
    </ClInclude>
    <ClInclude Include="src\win32\resource.h">
      <Filter>Win32</Filter>
    </ClInclude>
    <ClInclude Include="src\Win32\ui.h">
      <Filter>Win32</Filter>
    </ClInclude>
    <ClInclude Include="src\win32\version.h">
      <Filter>Win32</Filter>
    </ClInclude>
    <ClInclude Include="src\win32\wincfg.h">
      <Filter>Win32</Filter>
    </ClInclude>
    <ClInclude Include="src\win32\wincore.h">
      <Filter>Win32</Filter>
    </ClInclude>
    <ClInclude Include="src\win32\winexapi.h">
      <Filter>Win32</Filter>
    </ClInclude>
    <ClInclude Include="src\win32\winjoy.h">
      <Filter>Win32</Filter>
    </ClInclude>
    <ClInclude Include="src\win32\winkeyif.h">
      <Filter>Win32</Filter>
    </ClInclude>
    <ClInclude Include="src\win32\winmouse.h">
      <Filter>Win32</Filter>
    </ClInclude>
    <ClInclude Include="src\win32\romeo\piccolo.h">
      <Filter>win32\romeo</Filter>
    </ClInclude>
    <ClInclude Include="src\win32\romeo\piccolo_gimic.h">
      <Filter>win32\romeo</Filter>
    </ClInclude>
    <ClInclude Include="src\win32\romeo\piccolo_romeo.h">
      <Filter>win32\romeo</Filter>
    </ClInclude>
    <ClInclude Include="src\win32\romeo\piccolo_scci.h">
      <Filter>win32\romeo</Filter>
    </ClInclude>
    <ClInclude Include="src\win32\romeo\scci.h">
      <Filter>win32\romeo</Filter>
    </ClInclude>
    <ClInclude Include="src\win32\romeo\SCCIDefines.h">
      <Filter>win32\romeo</Filter>
    </ClInclude>
    <ClInclude Include="src\win32\romeo\romeo.h">
      <Filter>win32\romeo</Filter>
    </ClInclude>
    <ClInclude Include="src\if\ifcommon.h">
      <Filter>interface</Filter>
    </ClInclude>
    <ClInclude Include="src\if\ifguid.h">
      <Filter>interface</Filter>
    </ClInclude>
    <ClInclude Include="src\if\ifpc88.h">
      <Filter>interface</Filter>
    </ClInclude>
    <ClInclude Include="src\if\ifui.h">
      <Filter>interface</Filter>
    </ClInclude>
    <ClInclude Include="src\zlib\deflate.h">
      <Filter>zlib</Filter>
    </ClInclude>
    <ClInclude Include="src\zlib\inffast.h">
      <Filter>zlib</Filter>
    </ClInclude>
    <ClInclude Include="src\zlib\inffixed.h">
      <Filter>zlib</Filter>
    </ClInclude>
    <ClInclude Include="src\zlib\inftrees.h">
      <Filter>zlib</Filter>
    </ClInclude>
    <ClInclude Include="src\zlib\trees.h">
      <Filter>zlib</Filter>
    </ClInclude>
    <ClInclude Include="src\zlib\zconf.h">
      <Filter>zlib</Filter>
    </ClInclude>
    <ClInclude Include="src\zlib\zlib.h">
      <Filter>zlib</Filter>
    </ClInclude>
    <ClInclude Include="src\zlib\zutil.h">
      <Filter>zlib</Filter>
    </ClInclude>
    <ClInclude Include="src\common\diag.h">
      <Filter>common</Filter>
    </ClInclude>
    <ClInclude Include="src\common\diag.h">
      <Filter>common</Filter>
    </ClInclude>
    <ClInclude Include="src\common\memory_bus.h">
      <Filter>common</Filter>
    </ClInclude>
    <ClInclude Include="src\common\io_bus.h">
      <Filter>common</Filter>
    </ClInclude>
    <ClInclude Include="src\common\scheduler.h">
      <Filter>common</Filter>
    </ClInclude>
    <ClInclude Include="src\pc88\calendar.h">
      <Filter>pc88</Filter>
    </ClInclude>
    <ClInclude Include="src\common\file.h">
      <Filter>common</Filter>
    </ClInclude>
    <ClInclude Include="src\common\status.h">
      <Filter>common</Filter>
    </ClInclude>
    <ClInclude Include="src\common\scoped_comptr.h">
      <Filter>common</Filter>
    </ClInclude>
    <ClInclude Include="src\win32\monitor\basmon.h">
      <Filter>win32\monitor</Filter>
    </ClInclude>
    <ClInclude Include="src\win32\monitor\codemon.h">
      <Filter>win32\monitor</Filter>
    </ClInclude>
    <ClInclude Include="src\win32\monitor\iomon.h">
      <Filter>win32\monitor</Filter>
    </ClInclude>
    <ClInclude Include="src\win32\monitor\loadmon.h">
      <Filter>win32\monitor</Filter>
    </ClInclude>
    <ClInclude Include="src\win32\monitor\memmon.h">
      <Filter>win32\monitor</Filter>
    </ClInclude>
    <ClInclude Include="src\win32\monitor\mvmon.h">
      <Filter>win32\monitor</Filter>
    </ClInclude>
    <ClInclude Include="src\win32\monitor\regmon.h">
      <Filter>win32\monitor</Filter>
    </ClInclude>
    <ClInclude Include="src\win32\monitor\soundmon.h">
      <Filter>win32\monitor</Filter>
    </ClInclude>
    <ClInclude Include="src\win32\monitor\winmon.h">
      <Filter>win32\monitor</Filter>
    </ClInclude>
    <ClInclude Include="src\win32\screen\windraw.h">
      <Filter>win32\screen</Filter>
    </ClInclude>
    <ClInclude Include="src\win32\sound\sounddrv.h">
      <Filter>win32\sound</Filter>
    </ClInclude>
    <ClInclude Include="src\win32\sound\soundds.h">
      <Filter>win32\sound</Filter>
    </ClInclude>
    <ClInclude Include="src\win32\sound\soundds2.h">
      <Filter>win32\sound</Filter>
    </ClInclude>
    <ClInclude Include="src\win32\sound\soundwo.h">
      <Filter>win32\sound</Filter>
    </ClInclude>
    <ClInclude Include="src\win32\sound\winsound.h">
      <Filter>win32\sound</Filter>
    </ClInclude>
    <ClInclude Include="src\win32\screen\drawd3d12.h">
      <Filter>win32\screen</Filter>
    </ClInclude>
    <ClInclude Include="src\common\scoped_handle.h">
      <Filter>common</Filter>
    </ClInclude>
    <ClInclude Include="src\win32\screen\pixel_shader.h">
      <Filter>win32\screen</Filter>
    </ClInclude>
    <ClInclude Include="src\win32\screen\vertex_shader.h">
      <Filter>win32\screen</Filter>
    </ClInclude>
    <ClInclude Include="third_party\libpng\png.h">
      <Filter>libpng</Filter>
    </ClInclude>
    <ClInclude Include="third_party\libpng\pngconf.h">
      <Filter>libpng</Filter>
    </ClInclude>
    <ClInclude Include="third_party\libpng\pngdebug.h">
      <Filter>libpng</Filter>
    </ClInclude>
    <ClInclude Include="third_party\libpng\pnginfo.h">
      <Filter>libpng</Filter>
    </ClInclude>
    <ClInclude Include="third_party\libpng\pnglibconf.h">
      <Filter>libpng</Filter>
    </ClInclude>
    <ClInclude Include="third_party\libpng\pngpriv.h">
      <Filter>libpng</Filter>
    </ClInclude>
    <ClInclude Include="third_party\libpng\pngstruct.h">
      <Filter>libpng</Filter>
    </ClInclude>
    <ClInclude Include="src\common\bmp_codec.h">
      <Filter>common</Filter>
    </ClInclude>
    <ClInclude Include="src\common\image_codec.h">
      <Filter>common</Filter>
    </ClInclude>
    <ClInclude Include="src\common\png_codec.h">
      <Filter>common</Filter>
    </ClInclude>
    <ClInclude Include="src\services\diskmgr.h">
      <Filter>services</Filter>
    </ClInclude>
    <ClInclude Include="src\services\ioview.h">
      <Filter>services</Filter>
    </ClInclude>
    <ClInclude Include="src\services\memview.h">
      <Filter>services</Filter>
    </ClInclude>
    <ClInclude Include="src\services\sound.h">
      <Filter>services</Filter>
    </ClInclude>
    <ClInclude Include="src\services\tapemgr.h">
      <Filter>services</Filter>
    </ClInclude>
    <ClInclude Include="src\common\floppy.h">
      <Filter>common</Filter>
    </ClInclude>
    <ClInclude Include="src\services\disk_image_holder.h">
      <Filter>services</Filter>
    </ClInclude>
    <ClInclude Include="src\win32\status_win.h">
      <Filter>win32</Filter>
    </ClInclude>
    <ClInclude Include="third_party\Z80\API\Z80.h">
      <Filter>Z80</Filter>
    </ClInclude>
    <ClInclude Include="src\devices\z80x.h">
      <Filter>devices</Filter>
    </ClInclude>
    <ClInclude Include="src\common\time_constants.h">
      <Filter>common</Filter>
    </ClInclude>
    <ClInclude Include="src\common\real_time_keeper.h">
      <Filter>common</Filter>
    </ClInclude>
    <ClInclude Include="src\common\emulation_loop.h">
      <Filter>common</Filter>
    </ClInclude>
  </ItemGroup>
  <ItemGroup>
    <ResourceCompile Include="src\win32\M88.rc">
      <Filter>Win32</Filter>
    </ResourceCompile>
  </ItemGroup>
  <ItemGroup>
    <Image Include="src\win32\M88.ico" />
  </ItemGroup>
  <ItemGroup>
    <None Include="m88dev.html" />
    <None Include="src\win32\screen\shader_header.hlsli">
      <Filter>win32\screen</Filter>
    </None>
  </ItemGroup>
  <ItemGroup>
    <Text Include="memo.txt" />
  </ItemGroup>
  <ItemGroup>
    <FxCompile Include="src\win32\screen\pixel_shader.hlsl">
      <Filter>win32\screen</Filter>
    </FxCompile>
    <FxCompile Include="src\win32\screen\vertex_shader.hlsl">
      <Filter>win32\screen</Filter>
    </FxCompile>
  </ItemGroup>
  <ItemGroup>
    <Manifest Include="src\win32\utf8.manifest">
      <Filter>win32</Filter>
    </Manifest>
  </ItemGroup>
</Project>