<?xml version="1.0" encoding="utf-8"?>
<Project ToolsVersion="4.0" xmlns="http://schemas.microsoft.com/developer/msbuild/2003">
  <ItemGroup>
    <Filter Include="common">
      <UniqueIdentifier>{5dd9c787-5399-4ee9-ac0b-a3a388344e6c}</UniqueIdentifier>
    </Filter>
    <Filter Include="devices">
      <UniqueIdentifier>{d9146124-9add-4c5d-b355-4c11ea737b5c}</UniqueIdentifier>
    </Filter>
    <Filter Include="pc88">
      <UniqueIdentifier>{b1f82735-f6e4-465c-8436-19e5529f6f4a}</UniqueIdentifier>
    </Filter>
    <Filter Include="win32">
      <UniqueIdentifier>{8186eae2-969a-4765-b60d-cccffd3061e4}</UniqueIdentifier>
    </Filter>
    <Filter Include="win32\romeo">
      <UniqueIdentifier>{8c3f1d24-0961-442b-a90c-4ed91f9decf4}</UniqueIdentifier>
    </Filter>
    <Filter Include="interface">
      <UniqueIdentifier>{57b15d4f-2129-47ba-88af-98ca6b0b5c1c}</UniqueIdentifier>
    </Filter>
    <Filter Include="zlib">
      <UniqueIdentifier>{27c2946e-319c-49f6-94cf-6373f14dd6d7}</UniqueIdentifier>
    </Filter>
    <Filter Include="win32\monitor">
      <UniqueIdentifier>{20aa401b-de2a-4cd5-b947-4c1b333fbd72}</UniqueIdentifier>
    </Filter>
    <Filter Include="win32\screen">
      <UniqueIdentifier>{3bce4125-a767-4389-b7ab-703f7f1e50cd}</UniqueIdentifier>
    </Filter>
    <Filter Include="win32\sound">
      <UniqueIdentifier>{bacd1267-b405-4c77-901a-30499cba86e0}</UniqueIdentifier>
    </Filter>
  </ItemGroup>
  <ItemGroup>
    <ClCompile Include="src\common\device.cpp">
      <Filter>common</Filter>
    </ClCompile>
    <ClCompile Include="src\common\error.cpp">
      <Filter>common</Filter>
    </ClCompile>
    <ClCompile Include="src\common\memory_manager.cpp">
      <Filter>common</Filter>
    </ClCompile>
    <ClCompile Include="src\common\srcbuf.cpp">
      <Filter>common</Filter>
    </ClCompile>
    <ClCompile Include="src\devices\fmgen.cpp">
      <Filter>devices</Filter>
    </ClCompile>
    <ClCompile Include="src\devices\fmtimer.cpp">
      <Filter>devices</Filter>
    </ClCompile>
    <ClCompile Include="src\devices\opm.cpp">
      <Filter>devices</Filter>
    </ClCompile>
    <ClCompile Include="src\devices\opna.cpp">
      <Filter>devices</Filter>
    </ClCompile>
    <ClCompile Include="src\devices\psg.cpp">
      <Filter>devices</Filter>
    </ClCompile>
    <ClCompile Include="src\devices\z80c.cpp">
      <Filter>devices</Filter>
    </ClCompile>
    <ClCompile Include="src\devices\z80debug.cpp">
      <Filter>devices</Filter>
    </ClCompile>
    <ClCompile Include="src\devices\z80diag.cpp">
      <Filter>devices</Filter>
    </ClCompile>
    <ClCompile Include="src\devices\z80Test.cpp">
      <Filter>devices</Filter>
    </ClCompile>
    <ClCompile Include="src\pc88\base.cpp">
      <Filter>PC88</Filter>
    </ClCompile>
    <ClCompile Include="src\pc88\beep.cpp">
      <Filter>PC88</Filter>
    </ClCompile>
    <ClCompile Include="src\pc88\crtc.cpp">
      <Filter>PC88</Filter>
    </ClCompile>
    <ClCompile Include="src\pc88\diskmgr.cpp">
      <Filter>PC88</Filter>
    </ClCompile>
    <ClCompile Include="src\pc88\fdc.cpp">
      <Filter>PC88</Filter>
    </ClCompile>
    <ClCompile Include="src\pc88\fdu.cpp">
      <Filter>PC88</Filter>
    </ClCompile>
    <ClCompile Include="src\pc88\floppy.cpp">
      <Filter>PC88</Filter>
    </ClCompile>
    <ClCompile Include="src\pc88\intc.cpp">
      <Filter>PC88</Filter>
    </ClCompile>
    <ClCompile Include="src\pc88\ioview.cpp">
      <Filter>PC88</Filter>
    </ClCompile>
    <ClCompile Include="src\pc88\joypad.cpp">
      <Filter>PC88</Filter>
    </ClCompile>
    <ClCompile Include="src\pc88\kanjirom.cpp">
      <Filter>PC88</Filter>
    </ClCompile>
    <ClCompile Include="src\pc88\memory.cpp">
      <Filter>PC88</Filter>
    </ClCompile>
    <ClCompile Include="src\pc88\memview.cpp">
      <Filter>PC88</Filter>
    </ClCompile>
    <ClCompile Include="src\pc88\mouse.cpp">
      <Filter>PC88</Filter>
    </ClCompile>
    <ClCompile Include="src\pc88\opnif.cpp">
      <Filter>PC88</Filter>
    </ClCompile>
    <ClCompile Include="src\pc88\pc88.cpp">
      <Filter>PC88</Filter>
    </ClCompile>
    <ClCompile Include="src\pc88\pd8257.cpp">
      <Filter>PC88</Filter>
    </ClCompile>
    <ClCompile Include="src\pc88\pio.cpp">
      <Filter>PC88</Filter>
    </ClCompile>
    <ClCompile Include="src\pc88\screen.cpp">
      <Filter>PC88</Filter>
    </ClCompile>
    <ClCompile Include="src\pc88\sio.cpp">
      <Filter>PC88</Filter>
    </ClCompile>
    <ClCompile Include="src\pc88\sound.cpp">
      <Filter>PC88</Filter>
    </ClCompile>
    <ClCompile Include="src\pc88\subsys.cpp">
      <Filter>PC88</Filter>
    </ClCompile>
    <ClCompile Include="src\pc88\tapemgr.cpp">
      <Filter>PC88</Filter>
    </ClCompile>
    <ClCompile Include="src\win32\88config.cpp">
      <Filter>Win32</Filter>
    </ClCompile>
    <ClCompile Include="src\win32\about.cpp">
      <Filter>Win32</Filter>
    </ClCompile>
    <ClCompile Include="src\win32\cfgpage.cpp">
      <Filter>Win32</Filter>
    </ClCompile>
    <ClCompile Include="src\win32\extdev.cpp">
      <Filter>Win32</Filter>
    </ClCompile>
    <ClCompile Include="src\win32\File.cpp">
      <Filter>Win32</Filter>
    </ClCompile>
    <ClCompile Include="src\win32\filetest.cpp">
      <Filter>Win32</Filter>
    </ClCompile>
    <ClCompile Include="src\win32\guid.cpp">
      <Filter>Win32</Filter>
    </ClCompile>
    <ClCompile Include="src\win32\main.cpp">
      <Filter>Win32</Filter>
    </ClCompile>
    <ClCompile Include="src\win32\module.cpp">
      <Filter>Win32</Filter>
    </ClCompile>
    <ClCompile Include="src\win32\newdisk.cpp">
      <Filter>Win32</Filter>
    </ClCompile>
    <ClCompile Include="src\win32\sequence.cpp">
      <Filter>Win32</Filter>
    </ClCompile>
    <ClCompile Include="src\win32\status.cpp">
      <Filter>Win32</Filter>
    </ClCompile>
    <ClCompile Include="src\win32\timekeep.cpp">
      <Filter>Win32</Filter>
    </ClCompile>
    <ClCompile Include="src\win32\Ui.cpp">
      <Filter>Win32</Filter>
    </ClCompile>
    <ClCompile Include="src\win32\wincfg.cpp">
      <Filter>Win32</Filter>
    </ClCompile>
    <ClCompile Include="src\win32\wincore.cpp">
      <Filter>Win32</Filter>
    </ClCompile>
    <ClCompile Include="src\win32\winexapi.cpp">
      <Filter>Win32</Filter>
    </ClCompile>
    <ClCompile Include="src\win32\winjoy.cpp">
      <Filter>Win32</Filter>
    </ClCompile>
    <ClCompile Include="src\win32\winkeyif.cpp">
      <Filter>Win32</Filter>
    </ClCompile>
    <ClCompile Include="src\win32\winmouse.cpp">
      <Filter>Win32</Filter>
    </ClCompile>
    <ClCompile Include="src\win32\romeo\piccolo.cpp">
      <Filter>win32\romeo</Filter>
    </ClCompile>
    <ClCompile Include="src\win32\romeo\piccolo_gimic.cpp">
      <Filter>win32\romeo</Filter>
    </ClCompile>
    <ClCompile Include="src\win32\romeo\piccolo_romeo.cpp">
      <Filter>win32\romeo</Filter>
    </ClCompile>
    <ClCompile Include="src\zlib\adler32.c">
      <Filter>zlib</Filter>
    </ClCompile>
    <ClCompile Include="src\zlib\compress.c">
      <Filter>zlib</Filter>
    </ClCompile>
    <ClCompile Include="src\zlib\crc32.c">
      <Filter>zlib</Filter>
    </ClCompile>
    <ClCompile Include="src\zlib\deflate.c">
      <Filter>zlib</Filter>
    </ClCompile>
    <ClCompile Include="src\zlib\inffast.c">
      <Filter>zlib</Filter>
    </ClCompile>
    <ClCompile Include="src\zlib\inflate.c">
      <Filter>zlib</Filter>
    </ClCompile>
    <ClCompile Include="src\zlib\inftrees.c">
      <Filter>zlib</Filter>
    </ClCompile>
    <ClCompile Include="src\zlib\trees.c">
      <Filter>zlib</Filter>
    </ClCompile>
    <ClCompile Include="src\zlib\uncompr.c">
      <Filter>zlib</Filter>
    </ClCompile>
    <ClCompile Include="src\zlib\zutil.c">
      <Filter>zlib</Filter>
    </ClCompile>
    <ClCompile Include="src\common\diag.cpp">
      <Filter>common</Filter>
    </ClCompile>
    <ClCompile Include="src\common\memory_bus.cpp">
      <Filter>common</Filter>
    </ClCompile>
    <ClCompile Include="src\common\io_bus.cpp">
      <Filter>common</Filter>
    </ClCompile>
    <ClCompile Include="src\common\scheduler.cpp">
      <Filter>common</Filter>
    </ClCompile>
    <ClCompile Include="src\pc88\calendar.cpp">
      <Filter>pc88</Filter>
    </ClCompile>
    <ClCompile Include="src\common\file_.cpp">
      <Filter>common</Filter>
    </ClCompile>
    <ClCompile Include="src\win32\basmon.cpp">
      <Filter>win32\monitor</Filter>
    </ClCompile>
    <ClCompile Include="src\win32\codemon.cpp">
      <Filter>win32\monitor</Filter>
    </ClCompile>
    <ClCompile Include="src\win32\iomon.cpp">
      <Filter>win32\monitor</Filter>
    </ClCompile>
    <ClCompile Include="src\win32\loadmon.cpp">
      <Filter>win32\monitor</Filter>
    </ClCompile>
    <ClCompile Include="src\win32\memmon.cpp">
      <Filter>win32\monitor</Filter>
    </ClCompile>
    <ClCompile Include="src\win32\mvmon.cpp">
      <Filter>win32\monitor</Filter>
    </ClCompile>
    <ClCompile Include="src\win32\soundmon.cpp">
      <Filter>win32\monitor</Filter>
    </ClCompile>
    <ClCompile Include="src\win32\winmon.cpp">
      <Filter>win32\monitor</Filter>
    </ClCompile>
    <ClCompile Include="src\win32\dderr.cpp">
      <Filter>win32\screen</Filter>
    </ClCompile>
    <ClCompile Include="src\win32\drawd2d.cpp">
      <Filter>win32\screen</Filter>
    </ClCompile>
    <ClCompile Include="src\win32\drawd3d.cpp">
      <Filter>win32\screen</Filter>
    </ClCompile>
    <ClCompile Include="src\win32\drawdds.cpp">
      <Filter>win32\screen</Filter>
    </ClCompile>
    <ClCompile Include="src\win32\drawgdi.cpp">
      <Filter>win32\screen</Filter>
    </ClCompile>
    <ClCompile Include="src\win32\regmon.cpp">
      <Filter>win32\monitor</Filter>
    </ClCompile>
    <ClCompile Include="src\win32\soundds.cpp">
      <Filter>win32\sound</Filter>
    </ClCompile>
    <ClCompile Include="src\win32\soundds2.cpp">
      <Filter>win32\sound</Filter>
    </ClCompile>
    <ClCompile Include="src\win32\soundwo.cpp">
      <Filter>win32\sound</Filter>
    </ClCompile>
    <ClCompile Include="src\win32\winsound.cpp">
      <Filter>win32\sound</Filter>
    </ClCompile>
    <ClCompile Include="src\win32\windraw.cpp">
      <Filter>win32\screen</Filter>
    </ClCompile>
  </ItemGroup>
  <ItemGroup>
    <ClInclude Include="src\common\device.h">
      <Filter>common</Filter>
    </ClInclude>
    <ClInclude Include="src\common\draw.h">
      <Filter>common</Filter>
    </ClInclude>
    <ClInclude Include="src\common\error.h">
      <Filter>common</Filter>
    </ClInclude>
    <ClInclude Include="src\common\memory_manager.h">
      <Filter>common</Filter>
    </ClInclude>
    <ClInclude Include="src\common\misc.h">
      <Filter>common</Filter>
    </ClInclude>
    <ClInclude Include="src\common\soundsrc.h">
      <Filter>common</Filter>
    </ClInclude>
    <ClInclude Include="src\common\srcbuf.h">
      <Filter>common</Filter>
    </ClInclude>
    <ClInclude Include="src\devices\fmgen.h">
      <Filter>devices</Filter>
    </ClInclude>
    <ClInclude Include="src\devices\fmtimer.h">
      <Filter>devices</Filter>
    </ClInclude>
    <ClInclude Include="src\devices\opm.h">
      <Filter>devices</Filter>
    </ClInclude>
    <ClInclude Include="src\devices\opna.h">
      <Filter>devices</Filter>
    </ClInclude>
    <ClInclude Include="src\devices\psg.h">
      <Filter>devices</Filter>
    </ClInclude>
    <ClInclude Include="src\devices\z80.h">
      <Filter>devices</Filter>
    </ClInclude>
    <ClInclude Include="src\devices\z80c.h">
      <Filter>devices</Filter>
    </ClInclude>
    <ClInclude Include="src\devices\z80debug.h">
      <Filter>devices</Filter>
    </ClInclude>
    <ClInclude Include="src\devices\z80diag.h">
      <Filter>devices</Filter>
    </ClInclude>
    <ClInclude Include="src\devices\z80Test.h">
      <Filter>devices</Filter>
    </ClInclude>
    <ClInclude Include="src\pc88\base.h">
      <Filter>PC88</Filter>
    </ClInclude>
    <ClInclude Include="src\pc88\beep.h">
      <Filter>PC88</Filter>
    </ClInclude>
    <ClInclude Include="src\pc88\config.h">
      <Filter>PC88</Filter>
    </ClInclude>
    <ClInclude Include="src\pc88\crtc.h">
      <Filter>PC88</Filter>
    </ClInclude>
    <ClInclude Include="src\pc88\diskmgr.h">
      <Filter>PC88</Filter>
    </ClInclude>
    <ClInclude Include="src\pc88\fdc.h">
      <Filter>PC88</Filter>
    </ClInclude>
    <ClInclude Include="src\pc88\fdu.h">
      <Filter>PC88</Filter>
    </ClInclude>
    <ClInclude Include="src\pc88\floppy.h">
      <Filter>PC88</Filter>
    </ClInclude>
    <ClInclude Include="src\pc88\intc.h">
      <Filter>PC88</Filter>
    </ClInclude>
    <ClInclude Include="src\pc88\ioview.h">
      <Filter>PC88</Filter>
    </ClInclude>
    <ClInclude Include="src\pc88\joypad.h">
      <Filter>PC88</Filter>
    </ClInclude>
    <ClInclude Include="src\pc88\kanjirom.h">
      <Filter>PC88</Filter>
    </ClInclude>
    <ClInclude Include="src\pc88\memory.h">
      <Filter>PC88</Filter>
    </ClInclude>
    <ClInclude Include="src\pc88\memview.h">
      <Filter>PC88</Filter>
    </ClInclude>
    <ClInclude Include="src\pc88\mouse.h">
      <Filter>PC88</Filter>
    </ClInclude>
    <ClInclude Include="src\pc88\opnif.h">
      <Filter>PC88</Filter>
    </ClInclude>
    <ClInclude Include="src\pC88\pc88.h">
      <Filter>PC88</Filter>
    </ClInclude>
    <ClInclude Include="src\pc88\pcinfo.h">
      <Filter>PC88</Filter>
    </ClInclude>
    <ClInclude Include="src\pc88\pd8257.h">
      <Filter>PC88</Filter>
    </ClInclude>
    <ClInclude Include="src\pc88\pio.h">
      <Filter>PC88</Filter>
    </ClInclude>
    <ClInclude Include="src\pc88\screen.h">
      <Filter>PC88</Filter>
    </ClInclude>
    <ClInclude Include="src\pc88\sio.h">
      <Filter>PC88</Filter>
    </ClInclude>
    <ClInclude Include="src\pc88\sound.h">
      <Filter>PC88</Filter>
    </ClInclude>
    <ClInclude Include="src\pc88\subsys.h">
      <Filter>PC88</Filter>
    </ClInclude>
    <ClInclude Include="src\pc88\tapemgr.h">
      <Filter>PC88</Filter>
    </ClInclude>
    <ClInclude Include="src\win32\88config.h">
      <Filter>Win32</Filter>
    </ClInclude>
    <ClInclude Include="src\win32\about.h">
      <Filter>Win32</Filter>
    </ClInclude>
    <ClInclude Include="src\win32\cfgpage.h">
      <Filter>Win32</Filter>
    </ClInclude>
    <ClInclude Include="src\win32\extdev.h">
      <Filter>Win32</Filter>
    </ClInclude>
    <ClInclude Include="src\win32\file.h">
      <Filter>Win32</Filter>
    </ClInclude>
    <ClInclude Include="src\win32\filetest.h">
      <Filter>Win32</Filter>
    </ClInclude>
    <ClInclude Include="src\win32\messages.h">
      <Filter>Win32</Filter>
    </ClInclude>
    <ClInclude Include="src\win32\module.h">
      <Filter>Win32</Filter>
    </ClInclude>
    <ClInclude Include="src\win32\newdisk.h">
      <Filter>Win32</Filter>
    </ClInclude>
    <ClInclude Include="src\win32\resource.h">
      <Filter>Win32</Filter>
    </ClInclude>
    <ClInclude Include="src\win32\sequence.h">
      <Filter>Win32</Filter>
    </ClInclude>
    <ClInclude Include="src\win32\status.h">
      <Filter>Win32</Filter>
    </ClInclude>
    <ClInclude Include="src\win32\timekeep.h">
      <Filter>Win32</Filter>
    </ClInclude>
    <ClInclude Include="src\Win32\ui.h">
      <Filter>Win32</Filter>
    </ClInclude>
    <ClInclude Include="src\win32\version.h">
      <Filter>Win32</Filter>
    </ClInclude>
    <ClInclude Include="src\win32\wincfg.h">
      <Filter>Win32</Filter>
    </ClInclude>
    <ClInclude Include="src\win32\wincore.h">
      <Filter>Win32</Filter>
    </ClInclude>
    <ClInclude Include="src\win32\winexapi.h">
      <Filter>Win32</Filter>
    </ClInclude>
    <ClInclude Include="src\win32\winjoy.h">
      <Filter>Win32</Filter>
    </ClInclude>
    <ClInclude Include="src\win32\winkeyif.h">
      <Filter>Win32</Filter>
    </ClInclude>
    <ClInclude Include="src\win32\winmouse.h">
      <Filter>Win32</Filter>
    </ClInclude>
    <ClInclude Include="src\win32\romeo\piccolo.h">
      <Filter>win32\romeo</Filter>
    </ClInclude>
    <ClInclude Include="src\win32\romeo\piccolo_gimic.h">
      <Filter>win32\romeo</Filter>
    </ClInclude>
    <ClInclude Include="src\win32\romeo\piccolo_romeo.h">
      <Filter>win32\romeo</Filter>
    </ClInclude>
    <ClInclude Include="src\win32\romeo\romeo.h">
      <Filter>win32\romeo</Filter>
    </ClInclude>
    <ClInclude Include="src\if\ifcommon.h">
      <Filter>interface</Filter>
    </ClInclude>
    <ClInclude Include="src\if\ifguid.h">
      <Filter>interface</Filter>
    </ClInclude>
    <ClInclude Include="src\if\ifpc88.h">
      <Filter>interface</Filter>
    </ClInclude>
    <ClInclude Include="src\if\ifui.h">
      <Filter>interface</Filter>
    </ClInclude>
    <ClInclude Include="src\zlib\deflate.h">
      <Filter>zlib</Filter>
    </ClInclude>
    <ClInclude Include="src\zlib\inffast.h">
      <Filter>zlib</Filter>
    </ClInclude>
    <ClInclude Include="src\zlib\inffixed.h">
      <Filter>zlib</Filter>
    </ClInclude>
    <ClInclude Include="src\zlib\inftrees.h">
      <Filter>zlib</Filter>
    </ClInclude>
    <ClInclude Include="src\zlib\trees.h">
      <Filter>zlib</Filter>
    </ClInclude>
    <ClInclude Include="src\zlib\zconf.h">
      <Filter>zlib</Filter>
    </ClInclude>
    <ClInclude Include="src\zlib\zlib.h">
      <Filter>zlib</Filter>
    </ClInclude>
    <ClInclude Include="src\zlib\zutil.h">
      <Filter>zlib</Filter>
    </ClInclude>
    <ClInclude Include="src\common\diag.h">
      <Filter>common</Filter>
    </ClInclude>
    <ClInclude Include="src\common\diag.h">
      <Filter>common</Filter>
    </ClInclude>
    <ClInclude Include="src\common\memory_bus.h">
      <Filter>common</Filter>
    </ClInclude>
    <ClInclude Include="src\common\io_bus.h">
      <Filter>common</Filter>
    </ClInclude>
    <ClInclude Include="src\common\scheduler.h">
      <Filter>common</Filter>
    </ClInclude>
    <ClInclude Include="src\pc88\calendar.h">
      <Filter>pc88</Filter>
    </ClInclude>
    <ClInclude Include="src\common\file.h">
      <Filter>common</Filter>
    </ClInclude>
    <ClInclude Include="src\common\status.h">
      <Filter>common</Filter>
    </ClInclude>
    <ClInclude Include="src\win32\basmon.h">
      <Filter>win32\monitor</Filter>
    </ClInclude>
    <ClInclude Include="src\win32\codemon.h">
      <Filter>win32\monitor</Filter>
    </ClInclude>
    <ClInclude Include="src\win32\iomon.h">
      <Filter>win32\monitor</Filter>
    </ClInclude>
    <ClInclude Include="src\win32\loadmon.h">
      <Filter>win32\monitor</Filter>
    </ClInclude>
    <ClInclude Include="src\win32\memmon.h">
      <Filter>win32\monitor</Filter>
    </ClInclude>
    <ClInclude Include="src\win32\mvmon.h">
      <Filter>win32\monitor</Filter>
    </ClInclude>
    <ClInclude Include="src\win32\soundmon.h">
      <Filter>win32\monitor</Filter>
    </ClInclude>
    <ClInclude Include="src\win32\winmon.h">
      <Filter>win32\monitor</Filter>
    </ClInclude>
    <ClInclude Include="src\win32\dderr.h">
      <Filter>win32\screen</Filter>
    </ClInclude>
    <ClInclude Include="src\win32\drawd2d.h">
      <Filter>win32\screen</Filter>
    </ClInclude>
    <ClInclude Include="src\win32\drawd3d.h">
      <Filter>win32\screen</Filter>
    </ClInclude>
    <ClInclude Include="src\win32\drawdds.h">
      <Filter>win32\screen</Filter>
    </ClInclude>
    <ClInclude Include="src\win32\drawgdi.h">
      <Filter>win32\screen</Filter>
    </ClInclude>
    <ClInclude Include="src\win32\regmon.h">
      <Filter>win32\monitor</Filter>
    </ClInclude>
    <ClInclude Include="src\win32\sounddrv.h">
      <Filter>win32\sound</Filter>
    </ClInclude>
    <ClInclude Include="src\win32\soundds.h">
      <Filter>win32\sound</Filter>
    </ClInclude>
    <ClInclude Include="src\win32\soundds2.h">
      <Filter>win32\sound</Filter>
    </ClInclude>
    <ClInclude Include="src\win32\soundwo.h">
      <Filter>win32\sound</Filter>
    </ClInclude>
    <ClInclude Include="src\win32\winsound.h">
      <Filter>win32\sound</Filter>
    </ClInclude>
    <ClInclude Include="src\win32\windraw.h">
      <Filter>win32\screen</Filter>
    </ClInclude>
    <ClInclude Include="src\common\scoped_comptr.h">
      <Filter>common</Filter>
    </ClInclude>
  </ItemGroup>
  <ItemGroup>
    <ResourceCompile Include="src\win32\M88.rc">
      <Filter>Win32</Filter>
    </ResourceCompile>
  </ItemGroup>
  <ItemGroup>
    <Image Include="src\win32\M88.ico" />
  </ItemGroup>
  <ItemGroup>
    <None Include="m88dev.html" />
    <None Include="src\win32\BasicShaderHeader.hlsli">
      <Filter>win32\screen</Filter>
    </None>
  </ItemGroup>
  <ItemGroup>
    <Text Include="memo.txt" />
  </ItemGroup>
  <ItemGroup>
    <FxCompile Include="src\win32\BasicPixelShader.hlsl">
      <Filter>win32\screen</Filter>
    </FxCompile>
    <FxCompile Include="src\win32\BasicVertexShader.hlsl">
      <Filter>win32\screen</Filter>
    </FxCompile>
  </ItemGroup>
</Project>