<?xml version="1.0" encoding="utf-8"?>
<Project ToolsVersion="4.0" xmlns="http://schemas.microsoft.com/developer/msbuild/2003">
  <ItemGroup>
    <ClCompile Include="src\diskio.cpp" />
    <ClCompile Include="src\guid.cpp" />
    <ClCompile Include="src\moduleif.cpp" />
    <ClCompile Include="..\..\src\common\diag.cpp" />
    <ClCompile Include="..\..\src\common\file.cpp" />
  </ItemGroup>
  <ItemGroup>
    <ClInclude Include="src\diskio.h" />
    <ClInclude Include="..\..\src\common\diag.h" />
    <ClInclude Include="..\..\src\common\file.h" />
  </ItemGroup>
</Project>